
Microsoft Visual Studio Solution File, Format Version 12.00
# Visual Studio 14
VisualStudioVersion = 14.0.25420.1
MinimumVisualStudioVersion = 10.0.40219.1
Project("{FAE04EC0-301F-11D3-BF4B-00C04F79EFBC}") = "EjemploMSBuild", "EjemploMSBuild\EjemploMSBuild.csproj", "{7C582DE8-D302-438C-842F-C13779BC3533}"
EndProject
Project("{FAE04EC0-301F-11D3-BF4B-00C04F79EFBC}") = "TestEjemploMSBuild", "TestEjemploMSBuild\TestEjemploMSBuild.csproj", "{CE106E16-EC0B-4A0D-B506-E37A46B57042}"
EndProject
Global
	GlobalSection(SolutionConfigurationPlatforms) = preSolution
		Debug|Any CPU = Debug|Any CPU
		Release|Any CPU = Release|Any CPU
	EndGlobalSection
	GlobalSection(ProjectConfigurationPlatforms) = postSolution
		{7C582DE8-D302-438C-842F-C13779BC3533}.Debug|Any CPU.ActiveCfg = Debug|Any CPU
		{7C582DE8-D302-438C-842F-C13779BC3533}.Debug|Any CPU.Build.0 = Debug|Any CPU
		{7C582DE8-D302-438C-842F-C13779BC3533}.Release|Any CPU.ActiveCfg = Release|Any CPU
		{7C582DE8-D302-438C-842F-C13779BC3533}.Release|Any CPU.Build.0 = Release|Any CPU
		{CE106E16-EC0B-4A0D-B506-E37A46B57042}.Debug|Any CPU.ActiveCfg = Debug|Any CPU
		{CE106E16-EC0B-4A0D-B506-E37A46B57042}.Debug|Any CPU.Build.0 = Debug|Any CPU
		{CE106E16-EC0B-4A0D-B506-E37A46B57042}.Release|Any CPU.ActiveCfg = Release|Any CPU
		{CE106E16-EC0B-4A0D-B506-E37A46B57042}.Release|Any CPU.Build.0 = Release|Any CPU
	EndGlobalSection
	GlobalSection(SolutionProperties) = preSolution
		HideSolutionNode = FALSE
	EndGlobalSection
EndGlobal
